
Microsoft Visual Studio Solution File, Format Version 12.00
# Visual Studio Version 17
VisualStudioVersion = 17.6.33723.286
MinimumVisualStudioVersion = 10.0.40219.1
Project("{2150E333-8FDC-42A3-9474-1A3956D46DE8}") = "services", "services", "{E62A2DB3-55FB-40D8-85A9-577BF33CBF07}"
EndProject
Project("{2150E333-8FDC-42A3-9474-1A3956D46DE8}") = "solution items", "solution items", "{6F4E5E0D-C2F0-4810-9F26-C7E497297AB6}"
	ProjectSection(SolutionItems) = preProject
		readme.md = readme.md
	EndProjectSection
EndProject
Project("{2150E333-8FDC-42A3-9474-1A3956D46DE8}") = "contact", "contact", "{0F2F85B6-7D3B-4753-AA63-15DF6AFF4620}"
EndProject
Project("{2150E333-8FDC-42A3-9474-1A3956D46DE8}") = "report", "report", "{26FC743C-C60C-4F99-9095-E1E8B4F4231B}"
EndProject
Project("{2150E333-8FDC-42A3-9474-1A3956D46DE8}") = "src", "src", "{F7EACCB0-8534-4198-946C-BB8B75ADD6E3}"
EndProject
Project("{2150E333-8FDC-42A3-9474-1A3956D46DE8}") = "test", "test", "{910BBDDF-A354-4D57-9EAE-4B5C20A47B29}"
EndProject
Project("{2150E333-8FDC-42A3-9474-1A3956D46DE8}") = "src", "src", "{774C573D-8090-444B-98E3-4EB3C8749878}"
EndProject
Project("{2150E333-8FDC-42A3-9474-1A3956D46DE8}") = "test", "test", "{18E27CC9-28B3-4905-8967-40AABC0019A3}"
EndProject
Project("{E53339B2-1760-4266-BCC7-CA923CBCF16C}") = "docker-compose", "docker-compose.dcproj", "{C2007CE3-8EC4-4C1D-9270-D0037D828C6E}"
EndProject
Project("{9A19103F-16F7-4668-BE54-9A1E7A4F7556}") = "ContactManager.Api", "services\contact\src\ContactManager.Api\ContactManager.Api.csproj", "{C9F37208-7071-4F05-B1F3-F9734A682A40}"
EndProject
Project("{2150E333-8FDC-42A3-9474-1A3956D46DE8}") = "gateway", "gateway", "{3C952AB3-1818-470D-884A-5A0B0D50975B}"
EndProject
Project("{9A19103F-16F7-4668-BE54-9A1E7A4F7556}") = "ContactManager.Domain", "services\contact\src\ContactManager.Domain\ContactManager.Domain.csproj", "{BFB86B95-8861-460F-B834-0B0D6A148285}"
EndProject
Project("{9A19103F-16F7-4668-BE54-9A1E7A4F7556}") = "ContactManager.Application", "services\contact\src\ContactManager.Application\ContactManager.Application.csproj", "{16F9EEF8-3806-43FF-B214-2E658363FEDE}"
EndProject
Project("{9A19103F-16F7-4668-BE54-9A1E7A4F7556}") = "ContactManager.Infrastructure", "services\contact\src\ContactManager.Infrastructure\ContactManager.Infrastructure.csproj", "{78D92A53-D4A7-472E-A1A2-02BB018A2621}"
EndProject
Project("{2150E333-8FDC-42A3-9474-1A3956D46DE8}") = "src", "src", "{7889997B-4AAF-45C5-AEB3-72D578158ED8}"
EndProject
Project("{9A19103F-16F7-4668-BE54-9A1E7A4F7556}") = "Gateway", "services\gateway\src\Gateway\Gateway.csproj", "{A1E8641A-62FB-4A42-B810-47B7E7C415CA}"
EndProject
Project("{9A19103F-16F7-4668-BE54-9A1E7A4F7556}") = "Report.Api", "services\report\src\Report.Api\Report.Api.csproj", "{A6CAA9DF-51D5-4EED-BD9F-962D84810A21}"
EndProject
Project("{9A19103F-16F7-4668-BE54-9A1E7A4F7556}") = "Report.Application", "services\report\src\Report.Application\Report.Application.csproj", "{909ABA3C-925C-41C6-8B2C-31AD6257AB76}"
EndProject
Project("{9A19103F-16F7-4668-BE54-9A1E7A4F7556}") = "Report.Domain", "services\report\src\Report.Domain\Report.Domain.csproj", "{3F60FF51-572B-490B-82BF-5E5F09CC5455}"
EndProject
Project("{9A19103F-16F7-4668-BE54-9A1E7A4F7556}") = "Report.Infrastructure", "services\report\src\Report.Infrastructure\Report.Infrastructure.csproj", "{2BAC9B20-984F-41A3-8B75-F1AB1917FCF9}"
EndProject
Project("{9A19103F-16F7-4668-BE54-9A1E7A4F7556}") = "ContactManager.Domain.Shared", "services\contact\src\ContactManager.Domain.Shared\ContactManager.Domain.Shared.csproj", "{EFC28B72-C583-4554-B482-42F7112B163C}"
EndProject
Project("{9A19103F-16F7-4668-BE54-9A1E7A4F7556}") = "Report.Domain.Shared", "services\report\src\Report.Domain.Shared\Report.Domain.Shared.csproj", "{D4A4FD54-365F-44F6-A7C5-A8D24B266514}"
EndProject
Project("{9A19103F-16F7-4668-BE54-9A1E7A4F7556}") = "ContactManager.Domain.Tests", "services\contact\test\ContactManager.Domain.Tests\ContactManager.Domain.Tests.csproj", "{4926B06B-1FFA-4D6C-9358-5886C32BFD3A}"
EndProject
Project("{9A19103F-16F7-4668-BE54-9A1E7A4F7556}") = "ContactManager.Infrastructure.Tests", "services\contact\test\ContactManager.Infrastructure.Tests\ContactManager.Infrastructure.Tests.csproj", "{E0404FCC-F96A-4356-AFD0-D36ACB53448B}"
EndProject
Global
	GlobalSection(SolutionConfigurationPlatforms) = preSolution
		Debug|Any CPU = Debug|Any CPU
		Release|Any CPU = Release|Any CPU
	EndGlobalSection
	GlobalSection(ProjectConfigurationPlatforms) = postSolution
		{C2007CE3-8EC4-4C1D-9270-D0037D828C6E}.Debug|Any CPU.ActiveCfg = Debug|Any CPU
		{C2007CE3-8EC4-4C1D-9270-D0037D828C6E}.Debug|Any CPU.Build.0 = Debug|Any CPU
		{C2007CE3-8EC4-4C1D-9270-D0037D828C6E}.Release|Any CPU.ActiveCfg = Release|Any CPU
		{C2007CE3-8EC4-4C1D-9270-D0037D828C6E}.Release|Any CPU.Build.0 = Release|Any CPU
		{C9F37208-7071-4F05-B1F3-F9734A682A40}.Debug|Any CPU.ActiveCfg = Debug|Any CPU
		{C9F37208-7071-4F05-B1F3-F9734A682A40}.Debug|Any CPU.Build.0 = Debug|Any CPU
		{C9F37208-7071-4F05-B1F3-F9734A682A40}.Release|Any CPU.ActiveCfg = Release|Any CPU
		{C9F37208-7071-4F05-B1F3-F9734A682A40}.Release|Any CPU.Build.0 = Release|Any CPU
		{BFB86B95-8861-460F-B834-0B0D6A148285}.Debug|Any CPU.ActiveCfg = Debug|Any CPU
		{BFB86B95-8861-460F-B834-0B0D6A148285}.Debug|Any CPU.Build.0 = Debug|Any CPU
		{BFB86B95-8861-460F-B834-0B0D6A148285}.Release|Any CPU.ActiveCfg = Release|Any CPU
		{BFB86B95-8861-460F-B834-0B0D6A148285}.Release|Any CPU.Build.0 = Release|Any CPU
		{16F9EEF8-3806-43FF-B214-2E658363FEDE}.Debug|Any CPU.ActiveCfg = Debug|Any CPU
		{16F9EEF8-3806-43FF-B214-2E658363FEDE}.Debug|Any CPU.Build.0 = Debug|Any CPU
		{16F9EEF8-3806-43FF-B214-2E658363FEDE}.Release|Any CPU.ActiveCfg = Release|Any CPU
		{16F9EEF8-3806-43FF-B214-2E658363FEDE}.Release|Any CPU.Build.0 = Release|Any CPU
		{78D92A53-D4A7-472E-A1A2-02BB018A2621}.Debug|Any CPU.ActiveCfg = Debug|Any CPU
		{78D92A53-D4A7-472E-A1A2-02BB018A2621}.Debug|Any CPU.Build.0 = Debug|Any CPU
		{78D92A53-D4A7-472E-A1A2-02BB018A2621}.Release|Any CPU.ActiveCfg = Release|Any CPU
		{78D92A53-D4A7-472E-A1A2-02BB018A2621}.Release|Any CPU.Build.0 = Release|Any CPU
		{A1E8641A-62FB-4A42-B810-47B7E7C415CA}.Debug|Any CPU.ActiveCfg = Debug|Any CPU
		{A1E8641A-62FB-4A42-B810-47B7E7C415CA}.Debug|Any CPU.Build.0 = Debug|Any CPU
		{A1E8641A-62FB-4A42-B810-47B7E7C415CA}.Release|Any CPU.ActiveCfg = Release|Any CPU
		{A1E8641A-62FB-4A42-B810-47B7E7C415CA}.Release|Any CPU.Build.0 = Release|Any CPU
		{A6CAA9DF-51D5-4EED-BD9F-962D84810A21}.Debug|Any CPU.ActiveCfg = Debug|Any CPU
		{A6CAA9DF-51D5-4EED-BD9F-962D84810A21}.Debug|Any CPU.Build.0 = Debug|Any CPU
		{A6CAA9DF-51D5-4EED-BD9F-962D84810A21}.Release|Any CPU.ActiveCfg = Release|Any CPU
		{A6CAA9DF-51D5-4EED-BD9F-962D84810A21}.Release|Any CPU.Build.0 = Release|Any CPU
		{909ABA3C-925C-41C6-8B2C-31AD6257AB76}.Debug|Any CPU.ActiveCfg = Debug|Any CPU
		{909ABA3C-925C-41C6-8B2C-31AD6257AB76}.Debug|Any CPU.Build.0 = Debug|Any CPU
		{909ABA3C-925C-41C6-8B2C-31AD6257AB76}.Release|Any CPU.ActiveCfg = Release|Any CPU
		{909ABA3C-925C-41C6-8B2C-31AD6257AB76}.Release|Any CPU.Build.0 = Release|Any CPU
		{3F60FF51-572B-490B-82BF-5E5F09CC5455}.Debug|Any CPU.ActiveCfg = Debug|Any CPU
		{3F60FF51-572B-490B-82BF-5E5F09CC5455}.Debug|Any CPU.Build.0 = Debug|Any CPU
		{3F60FF51-572B-490B-82BF-5E5F09CC5455}.Release|Any CPU.ActiveCfg = Release|Any CPU
		{3F60FF51-572B-490B-82BF-5E5F09CC5455}.Release|Any CPU.Build.0 = Release|Any CPU
		{2BAC9B20-984F-41A3-8B75-F1AB1917FCF9}.Debug|Any CPU.ActiveCfg = Debug|Any CPU
		{2BAC9B20-984F-41A3-8B75-F1AB1917FCF9}.Debug|Any CPU.Build.0 = Debug|Any CPU
		{2BAC9B20-984F-41A3-8B75-F1AB1917FCF9}.Release|Any CPU.ActiveCfg = Release|Any CPU
		{2BAC9B20-984F-41A3-8B75-F1AB1917FCF9}.Release|Any CPU.Build.0 = Release|Any CPU
		{EFC28B72-C583-4554-B482-42F7112B163C}.Debug|Any CPU.ActiveCfg = Debug|Any CPU
		{EFC28B72-C583-4554-B482-42F7112B163C}.Debug|Any CPU.Build.0 = Debug|Any CPU
		{EFC28B72-C583-4554-B482-42F7112B163C}.Release|Any CPU.ActiveCfg = Release|Any CPU
		{EFC28B72-C583-4554-B482-42F7112B163C}.Release|Any CPU.Build.0 = Release|Any CPU
		{D4A4FD54-365F-44F6-A7C5-A8D24B266514}.Debug|Any CPU.ActiveCfg = Debug|Any CPU
		{D4A4FD54-365F-44F6-A7C5-A8D24B266514}.Debug|Any CPU.Build.0 = Debug|Any CPU
		{D4A4FD54-365F-44F6-A7C5-A8D24B266514}.Release|Any CPU.ActiveCfg = Release|Any CPU
		{D4A4FD54-365F-44F6-A7C5-A8D24B266514}.Release|Any CPU.Build.0 = Release|Any CPU
		{4926B06B-1FFA-4D6C-9358-5886C32BFD3A}.Debug|Any CPU.ActiveCfg = Debug|Any CPU
		{4926B06B-1FFA-4D6C-9358-5886C32BFD3A}.Debug|Any CPU.Build.0 = Debug|Any CPU
		{4926B06B-1FFA-4D6C-9358-5886C32BFD3A}.Release|Any CPU.ActiveCfg = Release|Any CPU
		{4926B06B-1FFA-4D6C-9358-5886C32BFD3A}.Release|Any CPU.Build.0 = Release|Any CPU
		{E0404FCC-F96A-4356-AFD0-D36ACB53448B}.Debug|Any CPU.ActiveCfg = Debug|Any CPU
		{E0404FCC-F96A-4356-AFD0-D36ACB53448B}.Debug|Any CPU.Build.0 = Debug|Any CPU
		{E0404FCC-F96A-4356-AFD0-D36ACB53448B}.Release|Any CPU.ActiveCfg = Release|Any CPU
		{E0404FCC-F96A-4356-AFD0-D36ACB53448B}.Release|Any CPU.Build.0 = Release|Any CPU
	EndGlobalSection
	GlobalSection(SolutionProperties) = preSolution
		HideSolutionNode = FALSE
	EndGlobalSection
	GlobalSection(NestedProjects) = preSolution
		{0F2F85B6-7D3B-4753-AA63-15DF6AFF4620} = {E62A2DB3-55FB-40D8-85A9-577BF33CBF07}
		{26FC743C-C60C-4F99-9095-E1E8B4F4231B} = {E62A2DB3-55FB-40D8-85A9-577BF33CBF07}
		{F7EACCB0-8534-4198-946C-BB8B75ADD6E3} = {0F2F85B6-7D3B-4753-AA63-15DF6AFF4620}
		{910BBDDF-A354-4D57-9EAE-4B5C20A47B29} = {0F2F85B6-7D3B-4753-AA63-15DF6AFF4620}
		{774C573D-8090-444B-98E3-4EB3C8749878} = {26FC743C-C60C-4F99-9095-E1E8B4F4231B}
		{18E27CC9-28B3-4905-8967-40AABC0019A3} = {26FC743C-C60C-4F99-9095-E1E8B4F4231B}
		{C2007CE3-8EC4-4C1D-9270-D0037D828C6E} = {6F4E5E0D-C2F0-4810-9F26-C7E497297AB6}
		{C9F37208-7071-4F05-B1F3-F9734A682A40} = {F7EACCB0-8534-4198-946C-BB8B75ADD6E3}
		{3C952AB3-1818-470D-884A-5A0B0D50975B} = {E62A2DB3-55FB-40D8-85A9-577BF33CBF07}
		{BFB86B95-8861-460F-B834-0B0D6A148285} = {F7EACCB0-8534-4198-946C-BB8B75ADD6E3}
		{16F9EEF8-3806-43FF-B214-2E658363FEDE} = {F7EACCB0-8534-4198-946C-BB8B75ADD6E3}
		{78D92A53-D4A7-472E-A1A2-02BB018A2621} = {F7EACCB0-8534-4198-946C-BB8B75ADD6E3}
		{7889997B-4AAF-45C5-AEB3-72D578158ED8} = {3C952AB3-1818-470D-884A-5A0B0D50975B}
		{A1E8641A-62FB-4A42-B810-47B7E7C415CA} = {7889997B-4AAF-45C5-AEB3-72D578158ED8}
		{A6CAA9DF-51D5-4EED-BD9F-962D84810A21} = {774C573D-8090-444B-98E3-4EB3C8749878}
		{909ABA3C-925C-41C6-8B2C-31AD6257AB76} = {774C573D-8090-444B-98E3-4EB3C8749878}
		{3F60FF51-572B-490B-82BF-5E5F09CC5455} = {774C573D-8090-444B-98E3-4EB3C8749878}
		{2BAC9B20-984F-41A3-8B75-F1AB1917FCF9} = {774C573D-8090-444B-98E3-4EB3C8749878}
		{EFC28B72-C583-4554-B482-42F7112B163C} = {F7EACCB0-8534-4198-946C-BB8B75ADD6E3}
		{D4A4FD54-365F-44F6-A7C5-A8D24B266514} = {774C573D-8090-444B-98E3-4EB3C8749878}
		{4926B06B-1FFA-4D6C-9358-5886C32BFD3A} = {910BBDDF-A354-4D57-9EAE-4B5C20A47B29}
		{E0404FCC-F96A-4356-AFD0-D36ACB53448B} = {910BBDDF-A354-4D57-9EAE-4B5C20A47B29}
	EndGlobalSection
	GlobalSection(ExtensibilityGlobals) = postSolution
		SolutionGuid = {63562C08-CDFE-4C13-8151-8C72B9B862C1}
	EndGlobalSection
EndGlobal
